
Microsoft Visual Studio Solution File, Format Version 11.00
# Visual Studio 2010
Project("{FAE04EC0-301F-11D3-BF4B-00C04F79EFBC}") = "Unity-3.5.0-Release", "Assembly-CSharp.csproj", "{B4899723-FB5E-8ED9-5CFB-E40E8010FC5B}"
EndProject
Project("{FAE04EC0-301F-11D3-BF4B-00C04F79EFBC}") = "Unity-3.5.0-Release", "Assembly-CSharp-Editor.csproj", "{543D3598-53CF-F336-F2DB-E56B5CA82CD6}"
EndProject
Global
	GlobalSection(SolutionConfigurationPlatforms) = preSolution
		Debug|Any CPU = Debug|Any CPU
		Release|Any CPU = Release|Any CPU
	EndGlobalSection
	GlobalSection(ProjectConfigurationPlatforms) = postSolution
		{B4899723-FB5E-8ED9-5CFB-E40E8010FC5B}.Debug|Any CPU.ActiveCfg = Debug|Any CPU
		{B4899723-FB5E-8ED9-5CFB-E40E8010FC5B}.Debug|Any CPU.Build.0 = Debug|Any CPU
		{B4899723-FB5E-8ED9-5CFB-E40E8010FC5B}.Release|Any CPU.ActiveCfg = Release|Any CPU
		{B4899723-FB5E-8ED9-5CFB-E40E8010FC5B}.Release|Any CPU.Build.0 = Release|Any CPU
		{543D3598-53CF-F336-F2DB-E56B5CA82CD6}.Debug|Any CPU.ActiveCfg = Debug|Any CPU
		{543D3598-53CF-F336-F2DB-E56B5CA82CD6}.Debug|Any CPU.Build.0 = Debug|Any CPU
		{543D3598-53CF-F336-F2DB-E56B5CA82CD6}.Release|Any CPU.ActiveCfg = Release|Any CPU
		{543D3598-53CF-F336-F2DB-E56B5CA82CD6}.Release|Any CPU.Build.0 = Release|Any CPU
	EndGlobalSection
	GlobalSection(SolutionProperties) = preSolution
		HideSolutionNode = FALSE
	EndGlobalSection
	GlobalSection(MonoDevelopProperties) = preSolution
		StartupItem = Assembly-CSharp.csproj
	EndGlobalSection
EndGlobal
